
Microsoft Visual Studio Solution File, Format Version 12.00
# Visual Studio Version 17
VisualStudioVersion = 17.14.36414.22
MinimumVisualStudioVersion = 10.0.40219.1
Project("{FAE04EC0-301F-11D3-BF4B-00C04F79EFBC}") = "API.Work.Domain", "API.Work.Domain\API.Work.Domain.csproj", "{DC1E2E35-70B1-4030-81D2-0BF38DBA83A5}"
EndProject
Project("{FAE04EC0-301F-11D3-BF4B-00C04F79EFBC}") = "API.Work.Application", "API.Work.Application\API.Work.Application.csproj", "{44D3646C-F42C-47C1-85F7-2D8B185D58CE}"
EndProject
Project("{FAE04EC0-301F-11D3-BF4B-00C04F79EFBC}") = "API.Work.EntityFrameWork", "API.Work.EntityFrameWork\API.Work.EntityFrameWork.csproj", "{6F93FB92-E37F-4F2F-8248-65AF2620E1C1}"
EndProject
Project("{FAE04EC0-301F-11D3-BF4B-00C04F79EFBC}") = "API.Work.Domain.Shared", "API.Work.Domain.Shared\API.Work.Domain.Shared.csproj", "{E5422CF7-4A17-4346-9C01-4A809C90BFF2}"
EndProject
Project("{FAE04EC0-301F-11D3-BF4B-00C04F79EFBC}") = "API.Work.Application.Contract", "API.Work.Application.Contract\API.Work.Application.Contract.csproj", "{A3DCA945-31C6-438E-BBBE-3C74DD83F93A}"
EndProject
Project("{FAE04EC0-301F-11D3-BF4B-00C04F79EFBC}") = "API.Work.Http.Client", "API.Work.Http.Client\API.Work.Http.Client.csproj", "{E91B1418-09F4-4AB3-A768-D9D37B5214D0}"
EndProject
Project("{FAE04EC0-301F-11D3-BF4B-00C04F79EFBC}") = "API.Work.TestBase", "API.Work.Tests\API.Work.TestBase.csproj", "{5779ECD3-E820-4C01-ABC6-EF7203D1C6EF}"
EndProject
Project("{2150E333-8FDC-42A3-9474-1A3956D46DE8}") = "Test", "Test", "{02EA681E-C7D8-13C7-8484-4AC65E1B71E8}"
EndProject
Project("{2150E333-8FDC-42A3-9474-1A3956D46DE8}") = "src", "src", "{B8ECC9A9-0320-4359-B900-5494888A9BF6}"
	ProjectSection(SolutionItems) = preProject
		Readme.txt = Readme.txt
	EndProjectSection
EndProject
Project("{FAE04EC0-301F-11D3-BF4B-00C04F79EFBC}") = "API.Work.DbMigrator", "API.Work.DbMigrator\API.Work.DbMigrator.csproj", "{85919E4A-B3B5-481B-9EC2-9B4EC42163E7}"
EndProject
Project("{FAE04EC0-301F-11D3-BF4B-00C04F79EFBC}") = "API.Work.Application.Tests", "API.Work.Application.Tests\API.Work.Application.Tests.csproj", "{D1779ED1-BB1C-4E1A-963B-3B2D6F55DD49}"
EndProject
Project("{FAE04EC0-301F-11D3-BF4B-00C04F79EFBC}") = "API.Work.Domain.Tests", "API.Work.Domain.Tests\API.Work.Domain.Tests.csproj", "{55B7A265-6103-4DCA-9B5A-F1894CFDF7AB}"
EndProject
Project("{FAE04EC0-301F-11D3-BF4B-00C04F79EFBC}") = "API.Work.EntityFrameWork.Tests", "API.Work.EntityFrameWork.Tests\API.Work.EntityFrameWork.Tests.csproj", "{19A96788-D3A6-47CC-A054-9C49B9B4BB94}"
EndProject
Project("{FAE04EC0-301F-11D3-BF4B-00C04F79EFBC}") = "API.Work.Presentation", "API.Work.Presentation\API.Work.Presentation.csproj", "{CF482717-6099-E229-C29D-EA689B4C4DE9}"
EndProject
Global
	GlobalSection(SolutionConfigurationPlatforms) = preSolution
		Debug|Any CPU = Debug|Any CPU
		Release|Any CPU = Release|Any CPU
	EndGlobalSection
	GlobalSection(ProjectConfigurationPlatforms) = postSolution
		{DC1E2E35-70B1-4030-81D2-0BF38DBA83A5}.Debug|Any CPU.ActiveCfg = Debug|Any CPU
		{DC1E2E35-70B1-4030-81D2-0BF38DBA83A5}.Debug|Any CPU.Build.0 = Debug|Any CPU
		{DC1E2E35-70B1-4030-81D2-0BF38DBA83A5}.Release|Any CPU.ActiveCfg = Release|Any CPU
		{DC1E2E35-70B1-4030-81D2-0BF38DBA83A5}.Release|Any CPU.Build.0 = Release|Any CPU
		{44D3646C-F42C-47C1-85F7-2D8B185D58CE}.Debug|Any CPU.ActiveCfg = Debug|Any CPU
		{44D3646C-F42C-47C1-85F7-2D8B185D58CE}.Debug|Any CPU.Build.0 = Debug|Any CPU
		{44D3646C-F42C-47C1-85F7-2D8B185D58CE}.Release|Any CPU.ActiveCfg = Release|Any CPU
		{44D3646C-F42C-47C1-85F7-2D8B185D58CE}.Release|Any CPU.Build.0 = Release|Any CPU
		{6F93FB92-E37F-4F2F-8248-65AF2620E1C1}.Debug|Any CPU.ActiveCfg = Debug|Any CPU
		{6F93FB92-E37F-4F2F-8248-65AF2620E1C1}.Debug|Any CPU.Build.0 = Debug|Any CPU
		{6F93FB92-E37F-4F2F-8248-65AF2620E1C1}.Release|Any CPU.ActiveCfg = Release|Any CPU
		{6F93FB92-E37F-4F2F-8248-65AF2620E1C1}.Release|Any CPU.Build.0 = Release|Any CPU
		{E5422CF7-4A17-4346-9C01-4A809C90BFF2}.Debug|Any CPU.ActiveCfg = Debug|Any CPU
		{E5422CF7-4A17-4346-9C01-4A809C90BFF2}.Debug|Any CPU.Build.0 = Debug|Any CPU
		{E5422CF7-4A17-4346-9C01-4A809C90BFF2}.Release|Any CPU.ActiveCfg = Release|Any CPU
		{E5422CF7-4A17-4346-9C01-4A809C90BFF2}.Release|Any CPU.Build.0 = Release|Any CPU
		{A3DCA945-31C6-438E-BBBE-3C74DD83F93A}.Debug|Any CPU.ActiveCfg = Debug|Any CPU
		{A3DCA945-31C6-438E-BBBE-3C74DD83F93A}.Debug|Any CPU.Build.0 = Debug|Any CPU
		{A3DCA945-31C6-438E-BBBE-3C74DD83F93A}.Release|Any CPU.ActiveCfg = Release|Any CPU
		{A3DCA945-31C6-438E-BBBE-3C74DD83F93A}.Release|Any CPU.Build.0 = Release|Any CPU
		{E91B1418-09F4-4AB3-A768-D9D37B5214D0}.Debug|Any CPU.ActiveCfg = Debug|Any CPU
		{E91B1418-09F4-4AB3-A768-D9D37B5214D0}.Debug|Any CPU.Build.0 = Debug|Any CPU
		{E91B1418-09F4-4AB3-A768-D9D37B5214D0}.Release|Any CPU.ActiveCfg = Release|Any CPU
		{E91B1418-09F4-4AB3-A768-D9D37B5214D0}.Release|Any CPU.Build.0 = Release|Any CPU
		{5779ECD3-E820-4C01-ABC6-EF7203D1C6EF}.Debug|Any CPU.ActiveCfg = Debug|Any CPU
		{5779ECD3-E820-4C01-ABC6-EF7203D1C6EF}.Debug|Any CPU.Build.0 = Debug|Any CPU
		{5779ECD3-E820-4C01-ABC6-EF7203D1C6EF}.Release|Any CPU.ActiveCfg = Release|Any CPU
		{5779ECD3-E820-4C01-ABC6-EF7203D1C6EF}.Release|Any CPU.Build.0 = Release|Any CPU
		{85919E4A-B3B5-481B-9EC2-9B4EC42163E7}.Debug|Any CPU.ActiveCfg = Debug|Any CPU
		{85919E4A-B3B5-481B-9EC2-9B4EC42163E7}.Debug|Any CPU.Build.0 = Debug|Any CPU
		{85919E4A-B3B5-481B-9EC2-9B4EC42163E7}.Release|Any CPU.ActiveCfg = Release|Any CPU
		{85919E4A-B3B5-481B-9EC2-9B4EC42163E7}.Release|Any CPU.Build.0 = Release|Any CPU
		{D1779ED1-BB1C-4E1A-963B-3B2D6F55DD49}.Debug|Any CPU.ActiveCfg = Debug|Any CPU
		{D1779ED1-BB1C-4E1A-963B-3B2D6F55DD49}.Debug|Any CPU.Build.0 = Debug|Any CPU
		{D1779ED1-BB1C-4E1A-963B-3B2D6F55DD49}.Release|Any CPU.ActiveCfg = Release|Any CPU
		{D1779ED1-BB1C-4E1A-963B-3B2D6F55DD49}.Release|Any CPU.Build.0 = Release|Any CPU
		{55B7A265-6103-4DCA-9B5A-F1894CFDF7AB}.Debug|Any CPU.ActiveCfg = Debug|Any CPU
		{55B7A265-6103-4DCA-9B5A-F1894CFDF7AB}.Debug|Any CPU.Build.0 = Debug|Any CPU
		{55B7A265-6103-4DCA-9B5A-F1894CFDF7AB}.Release|Any CPU.ActiveCfg = Release|Any CPU
		{55B7A265-6103-4DCA-9B5A-F1894CFDF7AB}.Release|Any CPU.Build.0 = Release|Any CPU
		{19A96788-D3A6-47CC-A054-9C49B9B4BB94}.Debug|Any CPU.ActiveCfg = Debug|Any CPU
		{19A96788-D3A6-47CC-A054-9C49B9B4BB94}.Debug|Any CPU.Build.0 = Debug|Any CPU
		{19A96788-D3A6-47CC-A054-9C49B9B4BB94}.Release|Any CPU.ActiveCfg = Release|Any CPU
		{19A96788-D3A6-47CC-A054-9C49B9B4BB94}.Release|Any CPU.Build.0 = Release|Any CPU
		{CF482717-6099-E229-C29D-EA689B4C4DE9}.Debug|Any CPU.ActiveCfg = Debug|Any CPU
		{CF482717-6099-E229-C29D-EA689B4C4DE9}.Debug|Any CPU.Build.0 = Debug|Any CPU
		{CF482717-6099-E229-C29D-EA689B4C4DE9}.Release|Any CPU.ActiveCfg = Release|Any CPU
		{CF482717-6099-E229-C29D-EA689B4C4DE9}.Release|Any CPU.Build.0 = Release|Any CPU
	EndGlobalSection
	GlobalSection(SolutionProperties) = preSolution
		HideSolutionNode = FALSE
	EndGlobalSection
	GlobalSection(NestedProjects) = preSolution
		{DC1E2E35-70B1-4030-81D2-0BF38DBA83A5} = {B8ECC9A9-0320-4359-B900-5494888A9BF6}
		{44D3646C-F42C-47C1-85F7-2D8B185D58CE} = {B8ECC9A9-0320-4359-B900-5494888A9BF6}
		{6F93FB92-E37F-4F2F-8248-65AF2620E1C1} = {B8ECC9A9-0320-4359-B900-5494888A9BF6}
		{E5422CF7-4A17-4346-9C01-4A809C90BFF2} = {B8ECC9A9-0320-4359-B900-5494888A9BF6}
		{A3DCA945-31C6-438E-BBBE-3C74DD83F93A} = {B8ECC9A9-0320-4359-B900-5494888A9BF6}
		{E91B1418-09F4-4AB3-A768-D9D37B5214D0} = {B8ECC9A9-0320-4359-B900-5494888A9BF6}
		{5779ECD3-E820-4C01-ABC6-EF7203D1C6EF} = {02EA681E-C7D8-13C7-8484-4AC65E1B71E8}
		{85919E4A-B3B5-481B-9EC2-9B4EC42163E7} = {B8ECC9A9-0320-4359-B900-5494888A9BF6}
		{D1779ED1-BB1C-4E1A-963B-3B2D6F55DD49} = {02EA681E-C7D8-13C7-8484-4AC65E1B71E8}
		{55B7A265-6103-4DCA-9B5A-F1894CFDF7AB} = {02EA681E-C7D8-13C7-8484-4AC65E1B71E8}
		{19A96788-D3A6-47CC-A054-9C49B9B4BB94} = {02EA681E-C7D8-13C7-8484-4AC65E1B71E8}
		{CF482717-6099-E229-C29D-EA689B4C4DE9} = {B8ECC9A9-0320-4359-B900-5494888A9BF6}
	EndGlobalSection
	GlobalSection(ExtensibilityGlobals) = postSolution
		SolutionGuid = {946367B2-E91B-4904-AF17-60B360372803}
	EndGlobalSection
EndGlobal
